{
  "version": 4,
  "terraform_version": "1.2.4",
  "serial": 5,
  "lineage": "d47fd2ab-4107-8afd-20f3-0774f183f629",
  "outputs": {},
  "resources": [
    {
      "module": "module.nginx",
      "mode": "managed",
      "type": "kubernetes_deployment",
      "name": "nginx",
      "provider": "module.nginx.provider[\"registry.terraform.io/hashicorp/kubernetes\"]",
      "instances": [
        {
          "schema_version": 1,
          "attributes": {
            "id": "sashatest-ru/nginx62cde1f7e6d4d834b1aa09b1",
            "metadata": [
              {
                "annotations": null,
                "generate_name": "",
                "generation": 1,
                "labels": {
                  "App": "nginx62cde1f7e6d4d834b1aa09b1"
                },
                "name": "nginx62cde1f7e6d4d834b1aa09b1",
                "namespace": "sashatest-ru",
                "resource_version": "127331",
                "uid": "bedbc604-5558-4628-9737-02628819da65"
              }
            ],
            "spec": [
              {
                "min_ready_seconds": 0,
                "paused": false,
                "progress_deadline_seconds": 600,
                "replicas": "1",
                "revision_history_limit": 10,
                "selector": [
                  {
                    "match_expressions": [],
                    "match_labels": {
                      "App": "nginx62cde1f7e6d4d834b1aa09b1"
                    }
                  }
                ],
                "strategy": [
                  {
                    "rolling_update": [
                      {
                        "max_surge": "25%",
                        "max_unavailable": "25%"
                      }
                    ],
                    "type": "RollingUpdate"
                  }
                ],
                "template": [
                  {
                    "metadata": [
                      {
                        "annotations": null,
                        "generate_name": "",
                        "generation": 0,
                        "labels": {
                          "App": "nginx62cde1f7e6d4d834b1aa09b1"
                        },
                        "name": "",
                        "namespace": "",
                        "resource_version": "",
                        "uid": ""
                      }
                    ],
                    "spec": [
                      {
                        "active_deadline_seconds": 0,
                        "affinity": [],
                        "automount_service_account_token": true,
                        "container": [
                          {
                            "args": null,
                            "command": null,
                            "env": [],
                            "env_from": [],
                            "image": "nginx:1.7.8",
                            "image_pull_policy": "IfNotPresent",
                            "lifecycle": [],
                            "liveness_probe": [],
                            "name": "nginx62cde1f7e6d4d834b1aa09b1",
                            "port": [
                              {
                                "container_port": 80,
                                "host_ip": "",
                                "host_port": 0,
                                "name": "",
                                "protocol": "TCP"
                              }
                            ],
                            "readiness_probe": [],
                            "resources": [
                              {
                                "limits": {
                                  "cpu": "125m",
                                  "memory": "50Mi"
                                },
                                "requests": {
                                  "cpu": "125m",
                                  "memory": "50Mi"
                                }
                              }
                            ],
                            "security_context": [],
                            "startup_probe": [],
                            "stdin": false,
                            "stdin_once": false,
                            "termination_message_path": "/dev/termination-log",
                            "termination_message_policy": "File",
                            "tty": false,
                            "volume_mount": [],
                            "working_dir": ""
                          }
                        ],
                        "dns_config": [],
                        "dns_policy": "ClusterFirst",
                        "enable_service_links": true,
                        "host_aliases": [],
                        "host_ipc": false,
                        "host_network": false,
                        "host_pid": false,
                        "hostname": "",
                        "image_pull_secrets": [],
                        "init_container": [],
                        "node_name": "",
                        "node_selector": null,
                        "priority_class_name": "",
                        "readiness_gate": [],
                        "restart_policy": "Always",
                        "security_context": [],
                        "service_account_name": "",
                        "share_process_namespace": false,
                        "subdomain": "",
                        "termination_grace_period_seconds": 30,
                        "toleration": [],
                        "topology_spread_constraint": [],
                        "volume": []
                      }
                    ]
                  }
                ]
              }
            ],
            "timeouts": null,
            "wait_for_rollout": true
          },
          "sensitive_attributes": [],
          "private": "eyJlMmJmYjczMC1lY2FhLTExZTYtOGY4OC0zNDM2M2JjN2M0YzAiOnsiY3JlYXRlIjo2MDAwMDAwMDAwMDAsImRlbGV0ZSI6NjAwMDAwMDAwMDAwLCJ1cGRhdGUiOjYwMDAwMDAwMDAwMH0sInNjaGVtYV92ZXJzaW9uIjoiMSJ9"
        }
      ]
    },
    {
      "module": "module.nginx",
      "mode": "managed",
      "type": "kubernetes_namespace",
      "name": "nginx",
      "provider": "module.nginx.provider[\"registry.terraform.io/hashicorp/kubernetes\"]",
      "instances": [
        {
          "schema_version": 0,
          "attributes": {
            "id": "sashatest-ru",
            "metadata": [
              {
                "annotations": {
                  "name": "sashatest-ru"
                },
                "generate_name": "",
                "generation": 0,
                "labels": null,
                "name": "sashatest-ru",
                "resource_version": "127306",
                "uid": "8965d92e-a6d9-4622-8c00-14d33a8d3247"
              }
            ],
            "timeouts": null
          },
          "sensitive_attributes": [],
          "private": "eyJlMmJmYjczMC1lY2FhLTExZTYtOGY4OC0zNDM2M2JjN2M0YzAiOnsiZGVsZXRlIjozMDAwMDAwMDAwMDB9fQ=="
        }
      ]
    },
    {
      "module": "module.nginx",
      "mode": "managed",
      "type": "kubernetes_service",
      "name": "nginx",
      "provider": "module.nginx.provider[\"registry.terraform.io/hashicorp/kubernetes\"]",
      "instances": [
        {
          "schema_version": 1,
          "attributes": {
            "id": "sashatest-ru/nginx62cde1f7e6d4d834b1aa09b1",
            "metadata": [
              {
                "annotations": null,
                "generate_name": "",
                "generation": 0,
                "labels": null,
                "name": "nginx62cde1f7e6d4d834b1aa09b1",
                "namespace": "sashatest-ru",
                "resource_version": "127334",
                "uid": "d57c5d35-5aaa-46c9-8b4c-cbe14037beed"
              }
            ],
            "spec": [
              {
                "allocate_load_balancer_node_ports": true,
                "cluster_ip": "10.108.19.69",
                "cluster_ips": [
                  "10.108.19.69"
                ],
                "external_ips": null,
                "external_name": "",
                "external_traffic_policy": "Cluster",
                "health_check_node_port": 0,
                "internal_traffic_policy": "Cluster",
                "ip_families": [
                  "IPv4"
                ],
                "ip_family_policy": "SingleStack",
                "load_balancer_class": "",
                "load_balancer_ip": "",
                "load_balancer_source_ranges": null,
                "port": [
                  {
                    "app_protocol": "",
                    "name": "",
                    "node_port": 31406,
                    "port": 80,
                    "protocol": "TCP",
                    "target_port": "80"
                  }
                ],
                "publish_not_ready_addresses": false,
                "selector": {
                  "App": "nginx62cde1f7e6d4d834b1aa09b1"
                },
                "session_affinity": "None",
                "session_affinity_config": [],
                "type": "NodePort"
              }
            ],
            "status": [
              {
                "load_balancer": [
                  {
                    "ingress": []
                  }
                ]
              }
            ],
            "timeouts": null,
            "wait_for_load_balancer": true
          },
          "sensitive_attributes": [],
          "private": "eyJlMmJmYjczMC1lY2FhLTExZTYtOGY4OC0zNDM2M2JjN2M0YzAiOnsiY3JlYXRlIjo2MDAwMDAwMDAwMDB9LCJzY2hlbWFfdmVyc2lvbiI6IjEifQ==",
          "dependencies": [
            "module.nginx.kubernetes_deployment.nginx"
          ]
        }
      ]
    },
    {
      "module": "module.nginx",
      "mode": "managed",
      "type": "local_file",
      "name": "output",
      "provider": "provider[\"registry.terraform.io/hashicorp/local\"]",
      "instances": [
        {
          "schema_version": 0,
          "attributes": {
            "content": "31406",
            "content_base64": null,
            "directory_permission": "0777",
            "file_permission": "0777",
            "filename": "output.txt",
            "id": "7e5e66355f65f30324021cc5c0dc38b4b5fc39b4",
            "sensitive_content": null,
            "source": null
          },
          "sensitive_attributes": [],
          "private": "bnVsbA==",
          "dependencies": [
            "module.nginx.kubernetes_deployment.nginx",
            "module.nginx.kubernetes_service.nginx"
          ]
        }
      ]
    }
  ]
}
